
Microsoft Visual Studio Solution File, Format Version 12.00
# Visual Studio Version 16
VisualStudioVersion = 16.0.30907.101
MinimumVisualStudioVersion = 10.0.40219.1
Project("{FAE04EC0-301F-11D3-BF4B-00C04F79EFBC}") = "Carrental", "Carrental\Carrental.csproj", "{DBB972D2-DC8F-45E6-A5CB-C628A04DB54C}"
EndProject
Global
	GlobalSection(SolutionConfigurationPlatforms) = preSolution
		Debug|Any CPU = Debug|Any CPU
		Release|Any CPU = Release|Any CPU
	EndGlobalSection
	GlobalSection(ProjectConfigurationPlatforms) = postSolution
		{DBB972D2-DC8F-45E6-A5CB-C628A04DB54C}.Debug|Any CPU.ActiveCfg = Debug|Any CPU
		{DBB972D2-DC8F-45E6-A5CB-C628A04DB54C}.Debug|Any CPU.Build.0 = Debug|Any CPU
		{DBB972D2-DC8F-45E6-A5CB-C628A04DB54C}.Release|Any CPU.ActiveCfg = Release|Any CPU
		{DBB972D2-DC8F-45E6-A5CB-C628A04DB54C}.Release|Any CPU.Build.0 = Release|Any CPU
	EndGlobalSection
	GlobalSection(SolutionProperties) = preSolution
		HideSolutionNode = FALSE
	EndGlobalSection
	GlobalSection(ExtensibilityGlobals) = postSolution
		SolutionGuid = {1846060B-595C-4B38-B6C0-5A53E1454C0E}
	EndGlobalSection
EndGlobal
